lockfileVersion: '9.0'

settings:
  autoInstallPeers: true
  excludeLinksFromLockfile: false

importers:

  .:
    dependencies:
      '@types/fs-extra':
        specifier: ^11.0.4
        version: 11.0.4
      fs-extra:
        specifier: ^11.2.0
        version: 11.3.0
      ollama:
        specifier: ^0.5.0
        version: 0.5.16
      pdfjs-dist:
        specifier: ^4.0.269
        version: 4.10.38
      typescript:
        specifier: ^5.8.3
        version: 5.9.2
      xlsx:
        specifier: ^0.18.5
        version: 0.18.5

packages:

  '@napi-rs/canvas-android-arm64@0.1.76':
    resolution: {integrity: sha512-7EAfkLBQo2QoEzpHdInFbfEUYTXsiO2hvtFo1D9zfTzcQM8n5piZdOpJ3EIkmpe8yLoSV8HLyUQtq4bv11x6Tg==}
    engines: {node: '>= 10'}
    cpu: [arm64]
    os: [android]

  '@napi-rs/canvas-darwin-arm64@0.1.76':
    resolution: {integrity: sha512-Cs8WRMzaWSJWeWY8tvnCe+TuduHUbB0xFhZ0FmOrNy2prPxT4A6aU3FQu8hR9XJw8kKZ7v902wzaDmy9SdhG8A==}
    engines: {node: '>= 10'}
    cpu: [arm64]
    os: [darwin]

  '@napi-rs/canvas-darwin-x64@0.1.76':
    resolution: {integrity: sha512-ya+T6gV9XAq7YAnMa2fKhWXAuRR5cpRny2IoHacoMxgtOARnUkJO/k3hIb52FtMoq7UxLi5+IFGVHU6ZiMu4Ag==}
    engines: {node: '>= 10'}
    cpu: [x64]
    os: [darwin]

  '@napi-rs/canvas-linux-arm-gnueabihf@0.1.76':
    resolution: {integrity: sha512-fgnPb+FKVuixACvkHGldJqYXExORBwvqGgL0K80uE6SGH2t0UKD2auHw2CtBy14DUzfg82PkupO2ix2w7kB+Xw==}
    engines: {node: '>= 10'}
    cpu: [arm]
    os: [linux]

  '@napi-rs/canvas-linux-arm64-gnu@0.1.76':
    resolution: {integrity: sha512-r8OxIenvBPOa4I014k1ZWTCz2dB0ZTsxMP7+ovMOKO7jkl1Z+YZo2OTAqxArpMhN0wdEeI3Lw9zUcn2HgwEgDA==}
    engines: {node: '>= 10'}
    cpu: [arm64]
    os: [linux]

  '@napi-rs/canvas-linux-arm64-musl@0.1.76':
    resolution: {integrity: sha512-smxwzKfHYaOYG7QXUuDPrFEC7WqjL3Lx4AM6mk8/FxDAS+8o0eoZJwSu+zXsaBLimEQUozEYgEGtJ2JJ0RdL4A==}
    engines: {node: '>= 10'}
    cpu: [arm64]
    os: [linux]

  '@napi-rs/canvas-linux-riscv64-gnu@0.1.76':
    resolution: {integrity: sha512-G2PsFwsP+r4syEoNLStV3n1wtNAClwf8s/qB57bexG08R4f4WaiBd+x+d4iYS0Y5o90YIEm8/ewZn4bLIa0wNQ==}
    engines: {node: '>= 10'}
    cpu: [riscv64]
    os: [linux]

  '@napi-rs/canvas-linux-x64-gnu@0.1.76':
    resolution: {integrity: sha512-SNK+vgge4DnuONYdYE3Y09LivGgUiUPQDU+PdGNZJIzIi0hRDLcA59eag8LGeQfPmJW84c1aZD04voihybKFog==}
    engines: {node: '>= 10'}
    cpu: [x64]
    os: [linux]

  '@napi-rs/canvas-linux-x64-musl@0.1.76':
    resolution: {integrity: sha512-tWHLBI9iVoR1NsfpHz1MGERTkqcca8akbH/CzX6JQUNC+lJOeYYXeRuK8hKqMIg1LI+4QOMAtHNVeZu8NvjEug==}
    engines: {node: '>= 10'}
    cpu: [x64]
    os: [linux]

  '@napi-rs/canvas-win32-x64-msvc@0.1.76':
    resolution: {integrity: sha512-ifM5HOGw2hP5QLQzCB41Riw3Pq5yKAAjZpn+lJC0sYBmyS2s/Kq6KpTOKxf0CuptkI1wMcRcYQfhLRdeWiYvIg==}
    engines: {node: '>= 10'}
    cpu: [x64]
    os: [win32]

  '@napi-rs/canvas@0.1.76':
    resolution: {integrity: sha512-YIk5okeNN53GzjvWmAyCQFE9xrLeQXzYpudX4TiLvqaz9SqXgIgxIuKPe4DKyB5nccsQMIev7JGKTzZaN5rFdw==}
    engines: {node: '>= 10'}

  '@types/fs-extra@11.0.4':
    resolution: {integrity: sha512-yTbItCNreRooED33qjunPthRcSjERP1r4MqCZc7wv0u2sUkzTFp45tgUfS5+r7FrZPdmCCNflLhVSP/o+SemsQ==}

  '@types/jsonfile@6.1.4':
    resolution: {integrity: sha512-D5qGUYwjvnNNextdU59/+fI+spnwtTFmyQP0h+PfIOSkNfpU6AOICUOkm4i0OnSk+NyjdPJrxCDro0sJsWlRpQ==}

  '@types/node@24.1.0':
    resolution: {integrity: sha512-ut5FthK5moxFKH2T1CUOC6ctR67rQRvvHdFLCD2Ql6KXmMuCrjsSsRI9UsLCm9M18BMwClv4pn327UvB7eeO1w==}

  adler-32@1.3.1:
    resolution: {integrity: sha512-ynZ4w/nUUv5rrsR8UUGoe1VC9hZj6V5hU9Qw1HlMDJGEJw5S7TfTErWTjMys6M7vr0YWcPqs3qAr4ss0nDfP+A==}
    engines: {node: '>=0.8'}

  cfb@1.2.2:
    resolution: {integrity: sha512-KfdUZsSOw19/ObEWasvBP/Ac4reZvAGauZhs6S/gqNhXhI7cKwvlH7ulj+dOEYnca4bm4SGo8C1bTAQvnTjgQA==}
    engines: {node: '>=0.8'}

  codepage@1.15.0:
    resolution: {integrity: sha512-3g6NUTPd/YtuuGrhMnOMRjFc+LJw/bnMp3+0r/Wcz3IXUuCosKRJvMphm5+Q+bvTVGcJJuRvVLuYba+WojaFaA==}
    engines: {node: '>=0.8'}

  crc-32@1.2.2:
    resolution: {integrity: sha512-ROmzCKrTnOwybPcJApAA6WBWij23HVfGVNKqqrZpuyZOHqK2CwHSvpGuyt/UNNvaIjEd8X5IFGp4Mh+Ie1IHJQ==}
    engines: {node: '>=0.8'}
    hasBin: true

  frac@1.1.2:
    resolution: {integrity: sha512-w/XBfkibaTl3YDqASwfDUqkna4Z2p9cFSr1aHDt0WoMTECnRfBOv2WArlZILlqgWlmdIlALXGpM2AOhEk5W3IA==}
    engines: {node: '>=0.8'}

  fs-extra@11.3.0:
    resolution: {integrity: sha512-Z4XaCL6dUDHfP/jT25jJKMmtxvuwbkrD1vNSMFlo9lNLY2c5FHYSQgHPRZUjAB26TpDEoW9HCOgplrdbaPV/ew==}
    engines: {node: '>=14.14'}

  graceful-fs@4.2.11:
    resolution: {integrity: sha512-RbJ5/jmFcNNCcDV5o9eTnBLJ/HszWV0P73bc+Ff4nS/rJj+YaS6IGyiOL0VoBYX+l1Wrl3k63h/KrH+nhJ0XvQ==}

  jsonfile@6.1.0:
    resolution: {integrity: sha512-5dgndWOriYSm5cnYaJNhalLNDKOqFwyDB/rr1E9ZsGciGvKPs8R2xYGCacuf3z6K1YKDz182fd+fY3cn3pMqXQ==}

  ollama@0.5.16:
    resolution: {integrity: sha512-OEbxxOIUZtdZgOaTPAULo051F5y+Z1vosxEYOoABPnQKeW7i4O8tJNlxCB+xioyoorVqgjkdj+TA1f1Hy2ug/w==}

  pdfjs-dist@4.10.38:
    resolution: {integrity: sha512-/Y3fcFrXEAsMjJXeL9J8+ZG9U01LbuWaYypvDW2ycW1jL269L3js3DVBjDJ0Up9Np1uqDXsDrRihHANhZOlwdQ==}
    engines: {node: '>=20'}

  ssf@0.11.2:
    resolution: {integrity: sha512-+idbmIXoYET47hH+d7dfm2epdOMUDjqcB4648sTZ+t2JwoyBFL/insLfB/racrDmsKB3diwsDA696pZMieAC5g==}
    engines: {node: '>=0.8'}

  typescript@5.9.2:
    resolution: {integrity: sha512-CWBzXQrc/qOkhidw1OzBTQuYRbfyxDXJMVJ1XNwUHGROVmuaeiEm3OslpZ1RV96d7SKKjZKrSJu3+t/xlw3R9A==}
    engines: {node: '>=14.17'}
    hasBin: true

  undici-types@7.8.0:
    resolution: {integrity: sha512-9UJ2xGDvQ43tYyVMpuHlsgApydB8ZKfVYTsLDhXkFL/6gfkp+U8xTGdh8pMJv1SpZna0zxG1DwsKZsreLbXBxw==}

  universalify@2.0.1:
    resolution: {integrity: sha512-gptHNQghINnc/vTGIk0SOFGFNXw7JVrlRUtConJRlvaw6DuX0wO5Jeko9sWrMBhh+PsYAZ7oXAiOnf/UKogyiw==}
    engines: {node: '>= 10.0.0'}

  whatwg-fetch@3.6.20:
    resolution: {integrity: sha512-EqhiFU6daOA8kpjOWTL0olhVOF3i7OrFzSYiGsEMB8GcXS+RrzauAERX65xMeNWVqxA6HXH2m69Z9LaKKdisfg==}

  wmf@1.0.2:
    resolution: {integrity: sha512-/p9K7bEh0Dj6WbXg4JG0xvLQmIadrner1bi45VMJTfnbVHsc7yIajZyoSoK60/dtVBs12Fm6WkUI5/3WAVsNMw==}
    engines: {node: '>=0.8'}

  word@0.3.0:
    resolution: {integrity: sha512-OELeY0Q61OXpdUfTp+oweA/vtLVg5VDOXh+3he3PNzLGG/y0oylSOC1xRVj0+l4vQ3tj/bB1HVHv1ocXkQceFA==}
    engines: {node: '>=0.8'}

  xlsx@0.18.5:
    resolution: {integrity: sha512-dmg3LCjBPHZnQp5/F/+nnTa+miPJxUXB6vtk42YjBBKayDNagxGEeIdWApkYPOf3Z3pm3k62Knjzp7lMeTEtFQ==}
    engines: {node: '>=0.8'}
    hasBin: true

snapshots:

  '@napi-rs/canvas-android-arm64@0.1.76':
    optional: true

  '@napi-rs/canvas-darwin-arm64@0.1.76':
    optional: true

  '@napi-rs/canvas-darwin-x64@0.1.76':
    optional: true

  '@napi-rs/canvas-linux-arm-gnueabihf@0.1.76':
    optional: true

  '@napi-rs/canvas-linux-arm64-gnu@0.1.76':
    optional: true

  '@napi-rs/canvas-linux-arm64-musl@0.1.76':
    optional: true

  '@napi-rs/canvas-linux-riscv64-gnu@0.1.76':
    optional: true

  '@napi-rs/canvas-linux-x64-gnu@0.1.76':
    optional: true

  '@napi-rs/canvas-linux-x64-musl@0.1.76':
    optional: true

  '@napi-rs/canvas-win32-x64-msvc@0.1.76':
    optional: true

  '@napi-rs/canvas@0.1.76':
    optionalDependencies:
      '@napi-rs/canvas-android-arm64': 0.1.76
      '@napi-rs/canvas-darwin-arm64': 0.1.76
      '@napi-rs/canvas-darwin-x64': 0.1.76
      '@napi-rs/canvas-linux-arm-gnueabihf': 0.1.76
      '@napi-rs/canvas-linux-arm64-gnu': 0.1.76
      '@napi-rs/canvas-linux-arm64-musl': 0.1.76
      '@napi-rs/canvas-linux-riscv64-gnu': 0.1.76
      '@napi-rs/canvas-linux-x64-gnu': 0.1.76
      '@napi-rs/canvas-linux-x64-musl': 0.1.76
      '@napi-rs/canvas-win32-x64-msvc': 0.1.76
    optional: true

  '@types/fs-extra@11.0.4':
    dependencies:
      '@types/jsonfile': 6.1.4
      '@types/node': 24.1.0

  '@types/jsonfile@6.1.4':
    dependencies:
      '@types/node': 24.1.0

  '@types/node@24.1.0':
    dependencies:
      undici-types: 7.8.0

  adler-32@1.3.1: {}

  cfb@1.2.2:
    dependencies:
      adler-32: 1.3.1
      crc-32: 1.2.2

  codepage@1.15.0: {}

  crc-32@1.2.2: {}

  frac@1.1.2: {}

  fs-extra@11.3.0:
    dependencies:
      graceful-fs: 4.2.11
      jsonfile: 6.1.0
      universalify: 2.0.1

  graceful-fs@4.2.11: {}

  jsonfile@6.1.0:
    dependencies:
      universalify: 2.0.1
    optionalDependencies:
      graceful-fs: 4.2.11

  ollama@0.5.16:
    dependencies:
      whatwg-fetch: 3.6.20

  pdfjs-dist@4.10.38:
    optionalDependencies:
      '@napi-rs/canvas': 0.1.76

  ssf@0.11.2:
    dependencies:
      frac: 1.1.2

  typescript@5.9.2: {}

  undici-types@7.8.0: {}

  universalify@2.0.1: {}

  whatwg-fetch@3.6.20: {}

  wmf@1.0.2: {}

  word@0.3.0: {}

  xlsx@0.18.5:
    dependencies:
      adler-32: 1.3.1
      cfb: 1.2.2
      codepage: 1.15.0
      crc-32: 1.2.2
      ssf: 0.11.2
      wmf: 1.0.2
      word: 0.3.0
